
Microsoft Visual Studio Solution File, Format Version 12.00
# Visual Studio Version 16
VisualStudioVersion = 16.0.34729.46
MinimumVisualStudioVersion = 10.0.40219.1
Project("{FAE04EC0-301F-11D3-BF4B-00C04F79EFBC}") = "Uso del switch", "Uso del switch\Uso del switch.csproj", "{0F89D856-886C-481E-BAD0-F4A40668A3ED}"
EndProject
Global
	GlobalSection(SolutionConfigurationPlatforms) = preSolution
		Debug|Any CPU = Debug|Any CPU
		Release|Any CPU = Release|Any CPU
	EndGlobalSection
	GlobalSection(ProjectConfigurationPlatforms) = postSolution
		{0F89D856-886C-481E-BAD0-F4A40668A3ED}.Debug|Any CPU.ActiveCfg = Debug|Any CPU
		{0F89D856-886C-481E-BAD0-F4A40668A3ED}.Debug|Any CPU.Build.0 = Debug|Any CPU
		{0F89D856-886C-481E-BAD0-F4A40668A3ED}.Release|Any CPU.ActiveCfg = Release|Any CPU
		{0F89D856-886C-481E-BAD0-F4A40668A3ED}.Release|Any CPU.Build.0 = Release|Any CPU
	EndGlobalSection
	GlobalSection(SolutionProperties) = preSolution
		HideSolutionNode = FALSE
	EndGlobalSection
	GlobalSection(ExtensibilityGlobals) = postSolution
		SolutionGuid = {897DA79E-C1DA-45B6-97D8-3608FB2750CD}
	EndGlobalSection
EndGlobal
