
Microsoft Visual Studio Solution File, Format Version 12.00
# Visual Studio Version 16
VisualStudioVersion = 16.0.34729.46
MinimumVisualStudioVersion = 10.0.40219.1
Project("{FAE04EC0-301F-11D3-BF4B-00C04F79EFBC}") = "OPERADOR LOGICO", "OPERADOR LOGICO\OPERADOR LOGICO.csproj", "{A2BB0080-E378-4550-BB0E-52F7FF827D46}"
EndProject
Global
	GlobalSection(SolutionConfigurationPlatforms) = preSolution
		Debug|Any CPU = Debug|Any CPU
		Release|Any CPU = Release|Any CPU
	EndGlobalSection
	GlobalSection(ProjectConfigurationPlatforms) = postSolution
		{A2BB0080-E378-4550-BB0E-52F7FF827D46}.Debug|Any CPU.ActiveCfg = Debug|Any CPU
		{A2BB0080-E378-4550-BB0E-52F7FF827D46}.Debug|Any CPU.Build.0 = Debug|Any CPU
		{A2BB0080-E378-4550-BB0E-52F7FF827D46}.Release|Any CPU.ActiveCfg = Release|Any CPU
		{A2BB0080-E378-4550-BB0E-52F7FF827D46}.Release|Any CPU.Build.0 = Release|Any CPU
	EndGlobalSection
	GlobalSection(SolutionProperties) = preSolution
		HideSolutionNode = FALSE
	EndGlobalSection
	GlobalSection(ExtensibilityGlobals) = postSolution
		SolutionGuid = {5B214C5C-AAA3-47E1-B91E-B5D61E99EA83}
	EndGlobalSection
EndGlobal
